
Microsoft Visual Studio Solution File, Format Version 12.00
# Visual Studio Version 17
VisualStudioVersion = 17.4.33213.308
MinimumVisualStudioVersion = 10.0.40219.1
Project("{FAE04EC0-301F-11D3-BF4B-00C04F79EFBC}") = "Implementation", "Implementation\Implementation.csproj", "{58D0B4D2-3C9B-41FE-8F25-A72D6C063C11}"
EndProject
Project("{FAE04EC0-301F-11D3-BF4B-00C04F79EFBC}") = "Tests", "Tests\Tests.csproj", "{5A922754-D8BE-4B1E-8F91-B6CB64336FF5}"
EndProject
Global
	GlobalSection(SolutionConfigurationPlatforms) = preSolution
		Debug|Any CPU = Debug|Any CPU
		Release|Any CPU = Release|Any CPU
	EndGlobalSection
	GlobalSection(ProjectConfigurationPlatforms) = postSolution
		{58D0B4D2-3C9B-41FE-8F25-A72D6C063C11}.Debug|Any CPU.ActiveCfg = Debug|Any CPU
		{58D0B4D2-3C9B-41FE-8F25-A72D6C063C11}.Debug|Any CPU.Build.0 = Debug|Any CPU
		{58D0B4D2-3C9B-41FE-8F25-A72D6C063C11}.Release|Any CPU.ActiveCfg = Release|Any CPU
		{58D0B4D2-3C9B-41FE-8F25-A72D6C063C11}.Release|Any CPU.Build.0 = Release|Any CPU
		{5A922754-D8BE-4B1E-8F91-B6CB64336FF5}.Debug|Any CPU.ActiveCfg = Debug|Any CPU
		{5A922754-D8BE-4B1E-8F91-B6CB64336FF5}.Debug|Any CPU.Build.0 = Debug|Any CPU
		{5A922754-D8BE-4B1E-8F91-B6CB64336FF5}.Release|Any CPU.ActiveCfg = Release|Any CPU
		{5A922754-D8BE-4B1E-8F91-B6CB64336FF5}.Release|Any CPU.Build.0 = Release|Any CPU
	EndGlobalSection
	GlobalSection(SolutionProperties) = preSolution
		HideSolutionNode = FALSE
	EndGlobalSection
	GlobalSection(ExtensibilityGlobals) = postSolution
		SolutionGuid = {1C8FE0C5-83EF-41CE-B42E-6BA0E98AA85E}
	EndGlobalSection
EndGlobal
